{
    "_meta": {
        "hash": {
            "sha256": "478c413171216e0ee72406a2019aedd66b81f6ca3d521ad5cc90b76698346148"
        },
        "pipfile-spec": 6,
        "requires": {
            "python_version": "3.11"
        },
        "sources": [
            {
                "name": "pypi",
                "url": "https://pypi.org/simple",
                "verify_ssl": true
            }
        ]
    },
    "default": {
        "altgraph": {
            "hashes": [
                "sha256:1b5afbb98f6c4dcadb2e2ae6ab9fa994bbb8c1d75f4fa96d340f9437ae454406",
                "sha256:642743b4750de17e655e6711601b077bc6598dbfa3ba5fa2b2a35ce12b508dff"
            ],
            "version": "==0.17.4"
        },
        "exif": {
            "hashes": [
                "sha256:2879830e2d8f0e5f1503110736bceb83a1e9c2121b32c23208c04284be5afbec",
                "sha256:763599b89b9b67495713060a703f32d1874abf8f0628c9d77711c2c06a5f44c8"
            ],
            "index": "pypi",
            "markers": "python_version >= '3.7'",
            "version": "==1.6.1"
        },
        "macholib": {
            "hashes": [
                "sha256:07ae9e15e8e4cd9a788013d81f5908b3609aa76f9b1421bae9c4d7606ec86a30",
                "sha256:0e315d7583d38b8c77e815b1ecbdbf504a8258d8b3e17b61165c6feb60d18f2c"
            ],
            "markers": "sys_platform == 'darwin'",
            "version": "==1.16.3"
        },
        "packaging": {
            "hashes": [
                "sha256:29572ef2b1f17581046b3a2227d5c611fb25ec70ca1ba8554b24b0e69331a484",
                "sha256:d443872c98d677bf60f6a1f2f8c1cb748e8fe762d2bf9d3148b5599295b0fc4f"
            ],
            "markers": "python_version >= '3.8'",
            "version": "==25.0"
        },
        "plum-py": {
            "hashes": [
                "sha256:40a25a70f7fd213f57cdd1decc65874df2d213d19d63478a1addcca748c13c4e",
                "sha256:d791f059ef159adbe3c3b036557b5b431fa07db226a9de106a74e5e57441741d"
            ],
            "markers": "python_version >= '3.6'",
            "version": "==0.8.7"
        },
        "pyee": {
            "hashes": [
                "sha256:48195a3cddb3b1515ce0695ed76036b5ccc2ef3a9f963ff9f77aec0139845498",
                "sha256:b391e3c5a434d1f5118a25615001dbc8f669cf410ab67d04c4d4e07c55481c37"
            ],
            "markers": "python_version >= '3.8'",
            "version": "==13.0.0"
        },
        "pyinstaller": {
            "hashes": [
                "sha256:0597fb04337695e5cc5250253e0655530bf14f264b7a5b7d219cc65f6889c4bd",
                "sha256:156b32ba943e0090bcc68e40ae1cb68fd92b7f1ab6fe0bdf8faf3d3cfc4e12dd",
                "sha256:1eadbd1fae84e2e6c678d8b4ed6a232ec5c8fe3a839aea5a3071c4c0282f98cc",
                "sha256:41c937fe8f07ae02009b3b5a96ac3eb0800a4f8a97af142d4100060fe2135bb9",
                "sha256:75a6f2a6f835a2e6e0899d10e60c10caf5defd25aced38b1dd48fbbabc89de07",
                "sha256:886b3b995b674905a20ad5b720b47cc395897d7b391117831027a4c8c5d67a58",
                "sha256:914d4c96cc99472e37ac552fdd82fbbe09e67bb592d0717fcffaa99ea74273df",
                "sha256:96c37a1ee5b2fd5bb25c098ef510661d6d17b6515d0b86d8fc93727dd2475ba3",
                "sha256:abe91106a3bbccc3f3a27af4325676ecdb6f46cb842ac663625002a870fc503b",
                "sha256:b721d793a33b6d9946c7dd95d3ea7589c0424b51cf1b9fe580f03c544f1336b2",
                "sha256:de25beb176f73a944758553caacec46cc665bf3910ad8a174706d79cf6e95340",
                "sha256:e436fcc0ea87c3f132baac916d508c24c84a8f6d8a06c3154fbc753f169b76c7"
            ],
            "index": "pypi",
            "markers": "python_version < '3.13' and python_version >= '3.8'",
            "version": "==6.3.0"
        },
        "pyinstaller-hooks-contrib": {
            "hashes": [
                "sha256:707386770b8fe066c04aad18a71bc483c7b25e18b4750a756999f7da2ab31982",
                "sha256:ebfae1ba341cb0002fb2770fad0edf2b3e913c2728d92df7ad562260988ca373"
            ],
            "markers": "python_version >= '3.8'",
            "version": "==2025.5"
        },
        "pyside6": {
            "hashes": [
                "sha256:0a67587c088cb80e90d4ce3023b02466ea858c93a6dc9c4e062b13314e03d464",
                "sha256:3593d605175e83e6952cf3b428ecc9c146af97effb36de921ecf3da2752de082",
                "sha256:3c348948fe3957b18164c9c7b8942fe065bdb39648b326f212bc114326679fa9",
                "sha256:ed3822150f0d7a06b68bf4ceebe287515b5e8309bb256e9b49ae405afd062b18"
            ],
            "index": "pypi",
            "markers": "python_version < '3.13' and python_version >= '3.8'",
            "version": "==6.6.1"
        },
        "pyside6-addons": {
            "hashes": [
                "sha256:5a63a8a943724ce5acd2df72e5ab04982b6906963278cbabb216656b9a26ee18",
                "sha256:7cb7af1b050c40f7ac891b0e61c758c1923863173932f5b92dc47bdfb4158b42",
                "sha256:a0982da4033319667f9df5ed6fa8eff300a88216aec103a1fff6751a172b19a0",
                "sha256:a223575c81e9a13173136c044c3447e25f6d656b462b4d71fc3c6bd9c935a709"
            ],
            "markers": "python_version < '3.13' and python_version >= '3.8'",
            "version": "==6.6.1"
        },
        "pyside6-essentials": {
            "hashes": [
                "sha256:0c8917b15236956957178a8c9854641b12b11dad79ba0caf26147119164c30cf",
                "sha256:13da926e9e9ee3e26e3f66883a9d5e43726ddee70cdabddca02a07aa1ccf9484",
                "sha256:a383c3d60298392cfb621ec1a0cf24b4799321e6c5bbafc021d4cc8076ea1315",
                "sha256:c7185616083eab6f42eaed598d97d49fac4f60ae2e7415194140d54f58c2b42c"
            ],
            "markers": "python_version < '3.13' and python_version >= '3.8'",
            "version": "==6.6.1"
        },
        "python-ffmpeg": {
            "hashes": [
                "sha256:19ac80af5a064a2f53c245af1a909b2d7648ea045500d96d3bcd507b88d43dc7",
                "sha256:d86697da8dfb39335183e336d31baf42fb217468adf5ac97fd743898240faae3"
            ],
            "index": "pypi",
            "markers": "python_version >= '3.7'",
            "version": "==2.0.12"
        },
        "setuptools": {
            "hashes": [
                "sha256:062d34222ad13e0cc312a4c02d73f059e86a4acbfbdea8f8f76b28c99f306922",
                "sha256:f36b47402ecde768dbfafc46e8e4207b4360c654f1f3bb84475f0a28628fb19c"
            ],
            "markers": "python_version >= '3.9'",
            "version": "==80.9.0"
        },
        "shiboken6": {
            "hashes": [
                "sha256:072c35c4fe46ec13b364d9dc47b055bb2277ee3aeaab18c23650280ec362f62a",
                "sha256:a605960e72af5eef915991cee7eef4cc72f5cabe63b9ae1a955ceb3d3b0a00b9",
                "sha256:d756fd1fa945b787e8eef142f2eb571da0b4c4dc2f2eec1a7c12a474a2cf84e4",
                "sha256:fb102e4bc210006f0cdd0ce38e1aaaaf792bd871f02a2b3f01d07922c5cf4c59"
            ],
            "markers": "python_version < '3.13' and python_version >= '3.8'",
            "version": "==6.6.1"
        },
        "typing-extensions": {
            "hashes": [
                "sha256:8676b788e32f02ab42d9e7c61324048ae4c6d844a399eebace3d4979d75ceef4",
                "sha256:a1514509136dd0b477638fc68d6a91497af5076466ad0fa6c338e44e359944af"
            ],
            "markers": "python_version >= '3.9'",
            "version": "==4.14.0"
        }
    },
    "develop": {}
}
