{
    "_meta": {
        "hash": {
            "sha256": "18f5f7a0ed0acad9171139383e08edf6e1dc92015bb95758a777d60ce0b430e9"
        },
        "pipfile-spec": 6,
        "requires": {
            "python_version": "3.11"
        },
        "sources": [
            {
                "name": "pypi",
                "url": "https://pypi.org/simple",
                "verify_ssl": true
            }
        ]
    },
    "default": {
        "exif": {
            "hashes": [
                "sha256:2879830e2d8f0e5f1503110736bceb83a1e9c2121b32c23208c04284be5afbec",
                "sha256:763599b89b9b67495713060a703f32d1874abf8f0628c9d77711c2c06a5f44c8"
            ],
            "index": "pypi",
            "markers": "python_version >= '3.7'",
            "version": "==1.6.1"
        },
        "plum-py": {
            "hashes": [
                "sha256:40a25a70f7fd213f57cdd1decc65874df2d213d19d63478a1addcca748c13c4e",
                "sha256:d791f059ef159adbe3c3b036557b5b431fa07db226a9de106a74e5e57441741d"
            ],
            "markers": "python_version >= '3.6'",
            "version": "==0.8.7"
        },
        "pyee": {
            "hashes": [
                "sha256:48195a3cddb3b1515ce0695ed76036b5ccc2ef3a9f963ff9f77aec0139845498",
                "sha256:b391e3c5a434d1f5118a25615001dbc8f669cf410ab67d04c4d4e07c55481c37"
            ],
            "markers": "python_version >= '3.8'",
            "version": "==13.0.0"
        },
        "python-ffmpeg": {
            "hashes": [
                "sha256:19ac80af5a064a2f53c245af1a909b2d7648ea045500d96d3bcd507b88d43dc7",
                "sha256:d86697da8dfb39335183e336d31baf42fb217468adf5ac97fd743898240faae3"
            ],
            "index": "pypi",
            "markers": "python_version >= '3.7'",
            "version": "==2.0.12"
        },
        "typing-extensions": {
            "hashes": [
                "sha256:a439e7c04b49fec3e5d3e2beaa21755cadbbdc391694e28ccdd36ca4a1408f8c",
                "sha256:e6c81219bd689f51865d9e372991c540bda33a0379d5573cddb9a3a23f7caaef"
            ],
            "markers": "python_version >= '3.8'",
            "version": "==4.13.2"
        }
    },
    "develop": {}
}
